// !$*UTF8*$!
{
	archiveVersion = 1;
	classes = {
	};
	objectVersion = 46;
	objects = {

/* Begin PBXBuildFile section */
		0207DA581B56EA530066E2B4 /* Images.xcassets in Resources */ = {isa = PBXBuildFile; fileRef = 0207DA571B56EA530066E2B4 /* Images.xcassets */; };
		03D9C58D229D403C80C31D75 /* GCDWebServerConnection.m in Sources */ = {isa = PBXBuildFile; fileRef = 36F2EB015A9A46748D78C632 /* GCDWebServerConnection.m */; };
		0D71D7621A214D85A431CE7C /* CoreTelephony.framework in Frameworks */ = {isa = PBXBuildFile; fileRef = 6C8BF52E1C3D47BAB209ADF6 /* CoreTelephony.framework */; };
		1D3623260D0F684500981E51 /* AppDelegate.m in Sources */ = {isa = PBXBuildFile; fileRef = 1D3623250D0F684500981E51 /* AppDelegate.m */; };
		1D60589B0D05DD56006BFB54 /* main.m in Sources */ = {isa = PBXBuildFile; fileRef = 29B97316FDCFA39411CA2CEA /* main.m */; };
		298C04ABE8D84BE296C60D1A /* WebKit.framework in Frameworks */ = {isa = PBXBuildFile; fileRef = DEEAE9EF64684A20AF8C9950 /* WebKit.framework */; settings = {ATTRIBUTES = (Weak, ); }; };
		2FD2BC94270241C9B7E0AD78 /* CDVWKWebViewEngine.m in Sources */ = {isa = PBXBuildFile; fileRef = 7DB1337612AA408099A3C1B4 /* CDVWKWebViewEngine.m */; };
		301BF552109A68D80062928A /* libCordova.a in Frameworks */ = {isa = PBXBuildFile; fileRef = 301BF535109A57CC0062928A /* libCordova.a */; };
		302D95F114D2391D003F00A1 /* MainViewController.m in Sources */ = {isa = PBXBuildFile; fileRef = 302D95EF14D2391D003F00A1 /* MainViewController.m */; };
		302D95F214D2391D003F00A1 /* MainViewController.xib in Resources */ = {isa = PBXBuildFile; fileRef = 302D95F014D2391D003F00A1 /* MainViewController.xib */; };
		4E3690D8EC3D4FF3B55B9FB5 /* libz.tbd in Frameworks */ = {isa = PBXBuildFile; fileRef = 82F31F80E5A14C6FB27461DE /* libz.tbd */; };
		5ABAA0E636BF4493B5AC51EF /* GCDWebServerFileResponse.m in Sources */ = {isa = PBXBuildFile; fileRef = 56283382C2E34B8898D8A8E8 /* GCDWebServerFileResponse.m */; };
		5D25BCCC2CB143B5AAA538A7 /* GCDWebServerURLEncodedFormRequest.m in Sources */ = {isa = PBXBuildFile; fileRef = 662A7C9F64B24AF58BB172D7 /* GCDWebServerURLEncodedFormRequest.m */; };
		6AFF5BF91D6E424B00AB3073 /* CDVLaunchScreen.storyboard in Resources */ = {isa = PBXBuildFile; fileRef = 6AFF5BF81D6E424B00AB3073 /* CDVLaunchScreen.storyboard */; };
		6CA95614C7AD41329C1D5241 /* GCDWebServerMultiPartFormRequest.m in Sources */ = {isa = PBXBuildFile; fileRef = 782A313780834EA2A6B0FC83 /* GCDWebServerMultiPartFormRequest.m */; };
		72324EF0937E46E3BE5D1D83 /* GCDWebServerResponse.m in Sources */ = {isa = PBXBuildFile; fileRef = FAF2E1DB27A746F2AC388580 /* GCDWebServerResponse.m */; };
		743443D993954D59ACF2DCFB /* CDVMobileAccessibility.m in Sources */ = {isa = PBXBuildFile; fileRef = 58D035A61E684BBC9201DE8C /* CDVMobileAccessibility.m */; };
		7C557A7FC665435EAD7520F1 /* CDVConnection.m in Sources */ = {isa = PBXBuildFile; fileRef = 1C62E55960FC4706900FB36C /* CDVConnection.m */; };
		7F0BBF0C13D74B2EBFB1252D /* GCDWebServer.m in Sources */ = {isa = PBXBuildFile; fileRef = E52188DF03104021A6C1D4D7 /* GCDWebServer.m */; };
		7F5B0692E800472EA39AA491 /* CDVDevice.m in Sources */ = {isa = PBXBuildFile; fileRef = 7084185526604C36B4015041 /* CDVDevice.m */; };
		802A7128229049A79DB34B20 /* GCDWebServerDataRequest.m in Sources */ = {isa = PBXBuildFile; fileRef = E824F2E4866E4FA8BEF09362 /* GCDWebServerDataRequest.m */; };
		8E942D45934548D2A02E570E /* CDVIonicKeyboard.m in Sources */ = {isa = PBXBuildFile; fileRef = 63E29A2A881A4FD3A94D073F /* CDVIonicKeyboard.m */; };
		91D87BE67A4C47828FB539B0 /* Insomnia.m in Sources */ = {isa = PBXBuildFile; fileRef = 61816E486DC8407883FF6FDF /* Insomnia.m */; };
		A590C1D433FB4DC5B5C4079E /* GCDWebServerStreamedResponse.m in Sources */ = {isa = PBXBuildFile; fileRef = A2C44E99858C4F09A9DD4FF5 /* GCDWebServerStreamedResponse.m */; };
		AD5301606C024B0B868EA0AC /* CDVWKWebViewUIDelegate.m in Sources */ = {isa = PBXBuildFile; fileRef = B3B4BF1D263349AFA82429EE /* CDVWKWebViewUIDelegate.m */; };
		C6A0151396744C238E1E21E4 /* GCDWebServerDataResponse.m in Sources */ = {isa = PBXBuildFile; fileRef = EB2A6C7D18E741CA8E6FF924 /* GCDWebServerDataResponse.m */; };
		C99348E96786444F92B4F96A /* MediaAccessibility.framework in Frameworks */ = {isa = PBXBuildFile; fileRef = 32C29E7FFF044FEAAA5CE81D /* MediaAccessibility.framework */; settings = {ATTRIBUTES = (Weak, ); }; };
		CC54E45668F049F8BD9EA67F /* GCDWebServerErrorResponse.m in Sources */ = {isa = PBXBuildFile; fileRef = 9BB70D8DFA274C3B89CA6CD3 /* GCDWebServerErrorResponse.m */; };
		CCE995FA43434B448043A93C /* CDVOrientation.m in Sources */ = {isa = PBXBuildFile; fileRef = 07A3003A71E549EE9AA29256 /* CDVOrientation.m */; };
		D65EC3C51BCB4D5D83802B40 /* CDVViewController+SplashScreen.m in Sources */ = {isa = PBXBuildFile; fileRef = B6BD3FFAC13E4EFDABF00FD7 /* CDVViewController+SplashScreen.m */; };
		D6E2231741E1407A8882B98A /* CDVSplashScreen.m in Sources */ = {isa = PBXBuildFile; fileRef = CC0177D1D50E4E8BA800AF35 /* CDVSplashScreen.m */; };
		D87A4CB93C8D411E9B7587EB /* ASAM.m in Sources */ = {isa = PBXBuildFile; fileRef = F41716517999406D838C3EFF /* ASAM.m */; };
		E6BBD3E988144DF8B7E83417 /* GCDWebServerRequest.m in Sources */ = {isa = PBXBuildFile; fileRef = 476FC3BE599A4846BA9EA59A /* GCDWebServerRequest.m */; };
		E94C8AA4C9A64B8DAB5A0F6F /* CDVReachability.m in Sources */ = {isa = PBXBuildFile; fileRef = 441D2E90E7014C6084C2EA31 /* CDVReachability.m */; };
		EB1C55436E154B38BA9F5C84 /* GCDWebServerFunctions.m in Sources */ = {isa = PBXBuildFile; fileRef = 93A366C09FEB4012AEAB5FE1 /* GCDWebServerFunctions.m */; };
		F721AB13F5DA4A498E4EAFD6 /* NativeSettings.m in Sources */ = {isa = PBXBuildFile; fileRef = B5EA63B7199B4ABEBC5881BE /* NativeSettings.m */; };
		FA53D2F0B6474B24886DB4C1 /* SystemConfiguration.framework in Frameworks */ = {isa = PBXBuildFile; fileRef = BA98362DE436479E9F7BE4D0 /* SystemConfiguration.framework */; settings = {ATTRIBUTES = (Weak, ); }; };
		FA6D7188BCA5482BBF55E420 /* GCDWebServerFileRequest.m in Sources */ = {isa = PBXBuildFile; fileRef = DC9AE00E3C584E48A2846C5F /* GCDWebServerFileRequest.m */; };
		FE592C6ED41D46079B006FE1 /* CDVWKProcessPoolFactory.m in Sources */ = {isa = PBXBuildFile; fileRef = F28821C0A82342AEA57E52D2 /* CDVWKProcessPoolFactory.m */; };
/* End PBXBuildFile section */

/* Begin PBXContainerItemProxy section */
		301BF534109A57CC0062928A /* PBXContainerItemProxy */ = {
			isa = PBXContainerItemProxy;
			containerPortal = 301BF52D109A57CC0062928A /* CordovaLib/CordovaLib.xcodeproj */;
			proxyType = 2;
			remoteGlobalIDString = D2AAC07E0554694100DB518D;
			remoteInfo = CordovaLib;
		};
		301BF550109A68C00062928A /* PBXContainerItemProxy */ = {
			isa = PBXContainerItemProxy;
			containerPortal = 301BF52D109A57CC0062928A /* CordovaLib/CordovaLib.xcodeproj */;
			proxyType = 1;
			remoteGlobalIDString = D2AAC07D0554694100DB518D;
			remoteInfo = CordovaLib;
		};
		9EC189842049B6110026B1E5 /* PBXContainerItemProxy */ = {
			isa = PBXContainerItemProxy;
			containerPortal = 301BF52D109A57CC0062928A /* CordovaLib/CordovaLib.xcodeproj */;
			proxyType = 2;
			remoteGlobalIDString = C0C01EB21E3911D50056E6CB;
			remoteInfo = Cordova;
		};
/* End PBXContainerItemProxy section */

/* Begin PBXFileReference section */
		0207DA571B56EA530066E2B4 /* Images.xcassets */ = {isa = PBXFileReference; lastKnownFileType = folder.assetcatalog; name = Images.xcassets; path = "Notification Suppression Demo/Images.xcassets"; sourceTree = SOURCE_ROOT; };
		030110D54D5D4239BB05D823 /* CDVWKProcessPoolFactory.h */ = {isa = PBXFileReference; explicitFileType = undefined; fileEncoding = 4; includeInIndex = 0; lastKnownFileType = sourcecode.c.h; name = CDVWKProcessPoolFactory.h; path = "cordova-plugin-ionic-webview/CDVWKProcessPoolFactory.h"; sourceTree = "<group>"; };
		046ED57790E6487B9C01FA05 /* CDVConnection.h */ = {isa = PBXFileReference; explicitFileType = undefined; fileEncoding = 4; includeInIndex = 0; lastKnownFileType = sourcecode.c.h; name = CDVConnection.h; path = "cordova-plugin-network-information/CDVConnection.h"; sourceTree = "<group>"; };
		06197FD349E741A7B228BFFD /* GCDWebServerDataResponse.h */ = {isa = PBXFileReference; explicitFileType = undefined; fileEncoding = 4; includeInIndex = 0; lastKnownFileType = sourcecode.c.h; name = GCDWebServerDataResponse.h; path = "cordova-plugin-ionic-webview/GCDWebServerDataResponse.h"; sourceTree = "<group>"; };
		06AA133FDE3D4D24BBBFB13E /* CDVReachability.h */ = {isa = PBXFileReference; explicitFileType = undefined; fileEncoding = 4; includeInIndex = 0; lastKnownFileType = sourcecode.c.h; name = CDVReachability.h; path = "cordova-plugin-network-information/CDVReachability.h"; sourceTree = "<group>"; };
		07A3003A71E549EE9AA29256 /* CDVOrientation.m */ = {isa = PBXFileReference; explicitFileType = undefined; fileEncoding = 4; includeInIndex = 0; lastKnownFileType = sourcecode.c.objc; name = CDVOrientation.m; path = "cordova-plugin-screen-orientation/CDVOrientation.m"; sourceTree = "<group>"; };
		0AEDA1DECB0E43BBBD23F769 /* GCDWebServerDataRequest.h */ = {isa = PBXFileReference; explicitFileType = undefined; fileEncoding = 4; includeInIndex = 0; lastKnownFileType = sourcecode.c.h; name = GCDWebServerDataRequest.h; path = "cordova-plugin-ionic-webview/GCDWebServerDataRequest.h"; sourceTree = "<group>"; };
		1249B6689F4A450DB8F8343A /* GCDWebServerHTTPStatusCodes.h */ = {isa = PBXFileReference; explicitFileType = undefined; fileEncoding = 4; includeInIndex = 0; lastKnownFileType = sourcecode.c.h; name = GCDWebServerHTTPStatusCodes.h; path = "cordova-plugin-ionic-webview/GCDWebServerHTTPStatusCodes.h"; sourceTree = "<group>"; };
		16969C5FA68F4D469FE24474 /* GCDWebServerStreamedResponse.h */ = {isa = PBXFileReference; explicitFileType = undefined; fileEncoding = 4; includeInIndex = 0; lastKnownFileType = sourcecode.c.h; name = GCDWebServerStreamedResponse.h; path = "cordova-plugin-ionic-webview/GCDWebServerStreamedResponse.h"; sourceTree = "<group>"; };
		1C62E55960FC4706900FB36C /* CDVConnection.m */ = {isa = PBXFileReference; explicitFileType = undefined; fileEncoding = 4; includeInIndex = 0; lastKnownFileType = sourcecode.c.objc; name = CDVConnection.m; path = "cordova-plugin-network-information/CDVConnection.m"; sourceTree = "<group>"; };
		1D3623240D0F684500981E51 /* AppDelegate.h */ = {isa = PBXFileReference; fileEncoding = 4; lastKnownFileType = sourcecode.c.h; path = AppDelegate.h; sourceTree = "<group>"; };
		1D3623250D0F684500981E51 /* AppDelegate.m */ = {isa = PBXFileReference; fileEncoding = 4; lastKnownFileType = sourcecode.c.objc; path = AppDelegate.m; sourceTree = "<group>"; };
		1D6058910D05DD3D006BFB54 /* Notification Suppression Demo.app */ = {isa = PBXFileReference; explicitFileType = wrapper.application; includeInIndex = 0; path = "Notification Suppression Demo.app"; sourceTree = BUILT_PRODUCTS_DIR; };
		29B97316FDCFA39411CA2CEA /* main.m */ = {isa = PBXFileReference; fileEncoding = 4; lastKnownFileType = sourcecode.c.objc; path = main.m; sourceTree = "<group>"; };
		2DAEDDD7642B4876B23EFDE6 /* GCDWebServerErrorResponse.h */ = {isa = PBXFileReference; explicitFileType = undefined; fileEncoding = 4; includeInIndex = 0; lastKnownFileType = sourcecode.c.h; name = GCDWebServerErrorResponse.h; path = "cordova-plugin-ionic-webview/GCDWebServerErrorResponse.h"; sourceTree = "<group>"; };
		301BF52D109A57CC0062928A /* CordovaLib/CordovaLib.xcodeproj */ = {isa = PBXFileReference; lastKnownFileType = "wrapper.pb-project"; path = CordovaLib/CordovaLib.xcodeproj; sourceTree = "<group>"; };
		301BF56E109A69640062928A /* www */ = {isa = PBXFileReference; lastKnownFileType = folder; path = www; sourceTree = SOURCE_ROOT; };
		302D95EE14D2391D003F00A1 /* MainViewController.h */ = {isa = PBXFileReference; fileEncoding = 4; lastKnownFileType = sourcecode.c.h; path = MainViewController.h; sourceTree = "<group>"; };
		302D95EF14D2391D003F00A1 /* MainViewController.m */ = {isa = PBXFileReference; fileEncoding = 4; lastKnownFileType = sourcecode.c.objc; path = MainViewController.m; sourceTree = "<group>"; };
		302D95F014D2391D003F00A1 /* MainViewController.xib */ = {isa = PBXFileReference; fileEncoding = 4; lastKnownFileType = file.xib; path = MainViewController.xib; sourceTree = "<group>"; };
		3047A50F1AB8059700498E2A /* build-debug.xcconfig */ = {isa = PBXFileReference; fileEncoding = 4; lastKnownFileType = text.xcconfig; name = "build-debug.xcconfig"; path = "cordova/build-debug.xcconfig"; sourceTree = SOURCE_ROOT; };
		3047A5101AB8059700498E2A /* build-release.xcconfig */ = {isa = PBXFileReference; fileEncoding = 4; lastKnownFileType = text.xcconfig; name = "build-release.xcconfig"; path = "cordova/build-release.xcconfig"; sourceTree = SOURCE_ROOT; };
		3047A5111AB8059700498E2A /* build.xcconfig */ = {isa = PBXFileReference; fileEncoding = 4; lastKnownFileType = text.xcconfig; name = build.xcconfig; path = cordova/build.xcconfig; sourceTree = SOURCE_ROOT; };
		32C29E7FFF044FEAAA5CE81D /* MediaAccessibility.framework */ = {isa = PBXFileReference; explicitFileType = undefined; fileEncoding = 9; includeInIndex = 0; lastKnownFileType = wrapper.framework; name = MediaAccessibility.framework; path = System/Library/Frameworks/MediaAccessibility.framework; sourceTree = SDKROOT; };
		32CA4F630368D1EE00C91783 /* Notification Suppression Demo-Prefix.pch */ = {isa = PBXFileReference; fileEncoding = 4; lastKnownFileType = sourcecode.c.h; path = "Notification Suppression Demo-Prefix.pch"; sourceTree = "<group>"; };
		36F2EB015A9A46748D78C632 /* GCDWebServerConnection.m */ = {isa = PBXFileReference; explicitFileType = undefined; fileEncoding = 4; includeInIndex = 0; lastKnownFileType = sourcecode.c.objc; name = GCDWebServerConnection.m; path = "cordova-plugin-ionic-webview/GCDWebServerConnection.m"; sourceTree = "<group>"; };
		3F62751C29454C2E9F87B125 /* CDVSplashScreen.h */ = {isa = PBXFileReference; explicitFileType = undefined; fileEncoding = 4; includeInIndex = 0; lastKnownFileType = sourcecode.c.h; name = CDVSplashScreen.h; path = "cordova-plugin-splashscreen/CDVSplashScreen.h"; sourceTree = "<group>"; };
		441D2E90E7014C6084C2EA31 /* CDVReachability.m */ = {isa = PBXFileReference; explicitFileType = undefined; fileEncoding = 4; includeInIndex = 0; lastKnownFileType = sourcecode.c.objc; name = CDVReachability.m; path = "cordova-plugin-network-information/CDVReachability.m"; sourceTree = "<group>"; };
		476FC3BE599A4846BA9EA59A /* GCDWebServerRequest.m */ = {isa = PBXFileReference; explicitFileType = undefined; fileEncoding = 4; includeInIndex = 0; lastKnownFileType = sourcecode.c.objc; name = GCDWebServerRequest.m; path = "cordova-plugin-ionic-webview/GCDWebServerRequest.m"; sourceTree = "<group>"; };
		4947D47DD81A4D7FA61A6777 /* CDVOrientation.h */ = {isa = PBXFileReference; explicitFileType = undefined; fileEncoding = 4; includeInIndex = 0; lastKnownFileType = sourcecode.c.h; name = CDVOrientation.h; path = "cordova-plugin-screen-orientation/CDVOrientation.h"; sourceTree = "<group>"; };
		5310804814C141FD8F39A8A0 /* GCDWebServerFunctions.h */ = {isa = PBXFileReference; explicitFileType = undefined; fileEncoding = 4; includeInIndex = 0; lastKnownFileType = sourcecode.c.h; name = GCDWebServerFunctions.h; path = "cordova-plugin-ionic-webview/GCDWebServerFunctions.h"; sourceTree = "<group>"; };
		56283382C2E34B8898D8A8E8 /* GCDWebServerFileResponse.m */ = {isa = PBXFileReference; explicitFileType = undefined; fileEncoding = 4; includeInIndex = 0; lastKnownFileType = sourcecode.c.objc; name = GCDWebServerFileResponse.m; path = "cordova-plugin-ionic-webview/GCDWebServerFileResponse.m"; sourceTree = "<group>"; };
		58D035A61E684BBC9201DE8C /* CDVMobileAccessibility.m */ = {isa = PBXFileReference; explicitFileType = undefined; fileEncoding = 4; includeInIndex = 0; lastKnownFileType = sourcecode.c.objc; name = CDVMobileAccessibility.m; path = "phonegap-plugin-mobile-accessibility/CDVMobileAccessibility.m"; sourceTree = "<group>"; };
		61816E486DC8407883FF6FDF /* Insomnia.m */ = {isa = PBXFileReference; explicitFileType = undefined; fileEncoding = 4; includeInIndex = 0; lastKnownFileType = sourcecode.c.objc; name = Insomnia.m; path = "cordova-plugin-insomnia/Insomnia.m"; sourceTree = "<group>"; };
		63E29A2A881A4FD3A94D073F /* CDVIonicKeyboard.m */ = {isa = PBXFileReference; explicitFileType = undefined; fileEncoding = 4; includeInIndex = 0; lastKnownFileType = sourcecode.c.objc; name = CDVIonicKeyboard.m; path = "cordova-plugin-ionic-keyboard/CDVIonicKeyboard.m"; sourceTree = "<group>"; };
		662A7C9F64B24AF58BB172D7 /* GCDWebServerURLEncodedFormRequest.m */ = {isa = PBXFileReference; explicitFileType = undefined; fileEncoding = 4; includeInIndex = 0; lastKnownFileType = sourcecode.c.objc; name = GCDWebServerURLEncodedFormRequest.m; path = "cordova-plugin-ionic-webview/GCDWebServerURLEncodedFormRequest.m"; sourceTree = "<group>"; };
		663CDBD3BA464F3BB1353339 /* GCDWebServerPrivate.h */ = {isa = PBXFileReference; explicitFileType = undefined; fileEncoding = 4; includeInIndex = 0; lastKnownFileType = sourcecode.c.h; name = GCDWebServerPrivate.h; path = "cordova-plugin-ionic-webview/GCDWebServerPrivate.h"; sourceTree = "<group>"; };
		6AFF5BF81D6E424B00AB3073 /* CDVLaunchScreen.storyboard */ = {isa = PBXFileReference; fileEncoding = 4; lastKnownFileType = file.storyboard; name = CDVLaunchScreen.storyboard; path = "Notification Suppression Demo/CDVLaunchScreen.storyboard"; sourceTree = SOURCE_ROOT; };
		6C8BF52E1C3D47BAB209ADF6 /* CoreTelephony.framework */ = {isa = PBXFileReference; explicitFileType = undefined; fileEncoding = 9; includeInIndex = 0; lastKnownFileType = wrapper.framework; name = CoreTelephony.framework; path = System/Library/Frameworks/CoreTelephony.framework; sourceTree = SDKROOT; };
		6E66F0AC88564A708737AA64 /* GCDWebServerRequest.h */ = {isa = PBXFileReference; explicitFileType = undefined; fileEncoding = 4; includeInIndex = 0; lastKnownFileType = sourcecode.c.h; name = GCDWebServerRequest.h; path = "cordova-plugin-ionic-webview/GCDWebServerRequest.h"; sourceTree = "<group>"; };
		70610C15533843F987397A3C /* CDVIonicKeyboard.h */ = {isa = PBXFileReference; explicitFileType = undefined; fileEncoding = 4; includeInIndex = 0; lastKnownFileType = sourcecode.c.h; name = CDVIonicKeyboard.h; path = "cordova-plugin-ionic-keyboard/CDVIonicKeyboard.h"; sourceTree = "<group>"; };
		7084185526604C36B4015041 /* CDVDevice.m */ = {isa = PBXFileReference; explicitFileType = undefined; fileEncoding = 4; includeInIndex = 0; lastKnownFileType = sourcecode.c.objc; name = CDVDevice.m; path = "cordova-plugin-device/CDVDevice.m"; sourceTree = "<group>"; };
		73D95CA4E5074574A328F2EE /* GCDWebServerFileRequest.h */ = {isa = PBXFileReference; explicitFileType = undefined; fileEncoding = 4; includeInIndex = 0; lastKnownFileType = sourcecode.c.h; name = GCDWebServerFileRequest.h; path = "cordova-plugin-ionic-webview/GCDWebServerFileRequest.h"; sourceTree = "<group>"; };
		782A313780834EA2A6B0FC83 /* GCDWebServerMultiPartFormRequest.m */ = {isa = PBXFileReference; explicitFileType = undefined; fileEncoding = 4; includeInIndex = 0; lastKnownFileType = sourcecode.c.objc; name = GCDWebServerMultiPartFormRequest.m; path = "cordova-plugin-ionic-webview/GCDWebServerMultiPartFormRequest.m"; sourceTree = "<group>"; };
		7B980C1CEDCC4BCABEF57199 /* GCDWebServer.h */ = {isa = PBXFileReference; explicitFileType = undefined; fileEncoding = 4; includeInIndex = 0; lastKnownFileType = sourcecode.c.h; name = GCDWebServer.h; path = "cordova-plugin-ionic-webview/GCDWebServer.h"; sourceTree = "<group>"; };
		7DB1337612AA408099A3C1B4 /* CDVWKWebViewEngine.m */ = {isa = PBXFileReference; explicitFileType = undefined; fileEncoding = 4; includeInIndex = 0; lastKnownFileType = sourcecode.c.objc; name = CDVWKWebViewEngine.m; path = "cordova-plugin-ionic-webview/CDVWKWebViewEngine.m"; sourceTree = "<group>"; };
		81BA01C8CCA2418EB2C8B136 /* CDVWKWebViewEngine.h */ = {isa = PBXFileReference; explicitFileType = undefined; fileEncoding = 4; includeInIndex = 0; lastKnownFileType = sourcecode.c.h; name = CDVWKWebViewEngine.h; path = "cordova-plugin-ionic-webview/CDVWKWebViewEngine.h"; sourceTree = "<group>"; };
		82F31F80E5A14C6FB27461DE /* libz.tbd */ = {isa = PBXFileReference; explicitFileType = undefined; fileEncoding = 9; includeInIndex = 0; lastKnownFileType = "sourcecode.text-based-dylib-definition"; name = libz.tbd; path = usr/lib/libz.tbd; sourceTree = SDKROOT; };
		835D177828A74D5C8C3F0EBF /* CDVMobileAccessibility.h */ = {isa = PBXFileReference; explicitFileType = undefined; fileEncoding = 4; includeInIndex = 0; lastKnownFileType = sourcecode.c.h; name = CDVMobileAccessibility.h; path = "phonegap-plugin-mobile-accessibility/CDVMobileAccessibility.h"; sourceTree = "<group>"; };
		8B566CF422F5403685B7B1D3 /* GCDWebServerFileResponse.h */ = {isa = PBXFileReference; explicitFileType = undefined; fileEncoding = 4; includeInIndex = 0; lastKnownFileType = sourcecode.c.h; name = GCDWebServerFileResponse.h; path = "cordova-plugin-ionic-webview/GCDWebServerFileResponse.h"; sourceTree = "<group>"; };
		8D1107310486CEB800E47090 /* Notification Suppression Demo-Info.plist */ = {isa = PBXFileReference; fileEncoding = 4; lastKnownFileType = text.plist.xml; name = "Notification Suppression Demo-Info.plist"; path = "Notification Suppression Demo/Notification Suppression Demo-Info.plist"; plistStructureDefinitionIdentifier = "com.apple.xcode.plist.structure-definition.iphone.info-plist"; sourceTree = SOURCE_ROOT; };
		93A366C09FEB4012AEAB5FE1 /* GCDWebServerFunctions.m */ = {isa = PBXFileReference; explicitFileType = undefined; fileEncoding = 4; includeInIndex = 0; lastKnownFileType = sourcecode.c.objc; name = GCDWebServerFunctions.m; path = "cordova-plugin-ionic-webview/GCDWebServerFunctions.m"; sourceTree = "<group>"; };
		9BB70D8DFA274C3B89CA6CD3 /* GCDWebServerErrorResponse.m */ = {isa = PBXFileReference; explicitFileType = undefined; fileEncoding = 4; includeInIndex = 0; lastKnownFileType = sourcecode.c.objc; name = GCDWebServerErrorResponse.m; path = "cordova-plugin-ionic-webview/GCDWebServerErrorResponse.m"; sourceTree = "<group>"; };
		9E8589E0D0D04B3EA48570F0 /* ASAM.h */ = {isa = PBXFileReference; explicitFileType = undefined; fileEncoding = 4; includeInIndex = 0; lastKnownFileType = sourcecode.c.h; name = ASAM.h; path = "asam-plugin/ASAM.h"; sourceTree = "<group>"; };
		A09FCD956F9C4C7D98D2C809 /* GCDWebServerResponse.h */ = {isa = PBXFileReference; explicitFileType = undefined; fileEncoding = 4; includeInIndex = 0; lastKnownFileType = sourcecode.c.h; name = GCDWebServerResponse.h; path = "cordova-plugin-ionic-webview/GCDWebServerResponse.h"; sourceTree = "<group>"; };
		A2C44E99858C4F09A9DD4FF5 /* GCDWebServerStreamedResponse.m */ = {isa = PBXFileReference; explicitFileType = undefined; fileEncoding = 4; includeInIndex = 0; lastKnownFileType = sourcecode.c.objc; name = GCDWebServerStreamedResponse.m; path = "cordova-plugin-ionic-webview/GCDWebServerStreamedResponse.m"; sourceTree = "<group>"; };
		A480F597286949F987F08DAF /* CDVViewController+SplashScreen.h */ = {isa = PBXFileReference; explicitFileType = undefined; fileEncoding = 4; includeInIndex = 0; lastKnownFileType = sourcecode.c.h; name = "CDVViewController+SplashScreen.h"; path = "cordova-plugin-splashscreen/CDVViewController+SplashScreen.h"; sourceTree = "<group>"; };
		A5D8B834B4B7463A8182E04C /* NativeSettings.h */ = {isa = PBXFileReference; explicitFileType = undefined; fileEncoding = 4; includeInIndex = 0; lastKnownFileType = sourcecode.c.h; name = NativeSettings.h; path = "cordova-open-native-settings/NativeSettings.h"; sourceTree = "<group>"; };
		A81FE39A717E458C85A6AECA /* Insomnia.h */ = {isa = PBXFileReference; explicitFileType = undefined; fileEncoding = 4; includeInIndex = 0; lastKnownFileType = sourcecode.c.h; name = Insomnia.h; path = "cordova-plugin-insomnia/Insomnia.h"; sourceTree = "<group>"; };
		AA014C99A9F8477D9E9235D2 /* CDVDevice.h */ = {isa = PBXFileReference; explicitFileType = undefined; fileEncoding = 4; includeInIndex = 0; lastKnownFileType = sourcecode.c.h; name = CDVDevice.h; path = "cordova-plugin-device/CDVDevice.h"; sourceTree = "<group>"; };
		AEC17C63BA304472B9848827 /* GCDWebServerConnection.h */ = {isa = PBXFileReference; explicitFileType = undefined; fileEncoding = 4; includeInIndex = 0; lastKnownFileType = sourcecode.c.h; name = GCDWebServerConnection.h; path = "cordova-plugin-ionic-webview/GCDWebServerConnection.h"; sourceTree = "<group>"; };
		B3B4BF1D263349AFA82429EE /* CDVWKWebViewUIDelegate.m */ = {isa = PBXFileReference; explicitFileType = undefined; fileEncoding = 4; includeInIndex = 0; lastKnownFileType = sourcecode.c.objc; name = CDVWKWebViewUIDelegate.m; path = "cordova-plugin-ionic-webview/CDVWKWebViewUIDelegate.m"; sourceTree = "<group>"; };
		B3F6EF089DA44E73AA111D79 /* CDVWKWebViewUIDelegate.h */ = {isa = PBXFileReference; explicitFileType = undefined; fileEncoding = 4; includeInIndex = 0; lastKnownFileType = sourcecode.c.h; name = CDVWKWebViewUIDelegate.h; path = "cordova-plugin-ionic-webview/CDVWKWebViewUIDelegate.h"; sourceTree = "<group>"; };
		B5EA63B7199B4ABEBC5881BE /* NativeSettings.m */ = {isa = PBXFileReference; explicitFileType = undefined; fileEncoding = 4; includeInIndex = 0; lastKnownFileType = sourcecode.c.objc; name = NativeSettings.m; path = "cordova-open-native-settings/NativeSettings.m"; sourceTree = "<group>"; };
		B6BD3FFAC13E4EFDABF00FD7 /* CDVViewController+SplashScreen.m */ = {isa = PBXFileReference; explicitFileType = undefined; fileEncoding = 4; includeInIndex = 0; lastKnownFileType = sourcecode.c.objc; name = "CDVViewController+SplashScreen.m"; path = "cordova-plugin-splashscreen/CDVViewController+SplashScreen.m"; sourceTree = "<group>"; };
		BA98362DE436479E9F7BE4D0 /* SystemConfiguration.framework */ = {isa = PBXFileReference; explicitFileType = undefined; fileEncoding = 9; includeInIndex = 0; lastKnownFileType = wrapper.framework; name = SystemConfiguration.framework; path = System/Library/Frameworks/SystemConfiguration.framework; sourceTree = SDKROOT; };
		BDB4C9E434BF4855AFE07836 /* GCDWebServerMultiPartFormRequest.h */ = {isa = PBXFileReference; explicitFileType = undefined; fileEncoding = 4; includeInIndex = 0; lastKnownFileType = sourcecode.c.h; name = GCDWebServerMultiPartFormRequest.h; path = "cordova-plugin-ionic-webview/GCDWebServerMultiPartFormRequest.h"; sourceTree = "<group>"; };
		CC0177D1D50E4E8BA800AF35 /* CDVSplashScreen.m */ = {isa = PBXFileReference; explicitFileType = undefined; fileEncoding = 4; includeInIndex = 0; lastKnownFileType = sourcecode.c.objc; name = CDVSplashScreen.m; path = "cordova-plugin-splashscreen/CDVSplashScreen.m"; sourceTree = "<group>"; };
		DC9AE00E3C584E48A2846C5F /* GCDWebServerFileRequest.m */ = {isa = PBXFileReference; explicitFileType = undefined; fileEncoding = 4; includeInIndex = 0; lastKnownFileType = sourcecode.c.objc; name = GCDWebServerFileRequest.m; path = "cordova-plugin-ionic-webview/GCDWebServerFileRequest.m"; sourceTree = "<group>"; };
		DEEAE9EF64684A20AF8C9950 /* WebKit.framework */ = {isa = PBXFileReference; explicitFileType = undefined; fileEncoding = 9; includeInIndex = 0; lastKnownFileType = wrapper.framework; name = WebKit.framework; path = System/Library/Frameworks/WebKit.framework; sourceTree = SDKROOT; };
		E52188DF03104021A6C1D4D7 /* GCDWebServer.m */ = {isa = PBXFileReference; explicitFileType = undefined; fileEncoding = 4; includeInIndex = 0; lastKnownFileType = sourcecode.c.objc; name = GCDWebServer.m; path = "cordova-plugin-ionic-webview/GCDWebServer.m"; sourceTree = "<group>"; };
		E824F2E4866E4FA8BEF09362 /* GCDWebServerDataRequest.m */ = {isa = PBXFileReference; explicitFileType = undefined; fileEncoding = 4; includeInIndex = 0; lastKnownFileType = sourcecode.c.objc; name = GCDWebServerDataRequest.m; path = "cordova-plugin-ionic-webview/GCDWebServerDataRequest.m"; sourceTree = "<group>"; };
		EB2A6C7D18E741CA8E6FF924 /* GCDWebServerDataResponse.m */ = {isa = PBXFileReference; explicitFileType = undefined; fileEncoding = 4; includeInIndex = 0; lastKnownFileType = sourcecode.c.objc; name = GCDWebServerDataResponse.m; path = "cordova-plugin-ionic-webview/GCDWebServerDataResponse.m"; sourceTree = "<group>"; };
		EB87FDF31871DA8E0020F90C /* www */ = {isa = PBXFileReference; lastKnownFileType = folder; name = www; path = ../../www; sourceTree = "<group>"; };
		EB87FDF41871DAF40020F90C /* config.xml */ = {isa = PBXFileReference; lastKnownFileType = text.xml; name = config.xml; path = ../../config.xml; sourceTree = "<group>"; };
		ED33DF2A687741AEAF9F8254 /* Bridging-Header.h */ = {isa = PBXFileReference; fileEncoding = 4; lastKnownFileType = sourcecode.c.h; path = "Bridging-Header.h"; sourceTree = "<group>"; };
		EEEF5385740B4D5B803CF209 /* GCDWebServerURLEncodedFormRequest.h */ = {isa = PBXFileReference; explicitFileType = undefined; fileEncoding = 4; includeInIndex = 0; lastKnownFileType = sourcecode.c.h; name = GCDWebServerURLEncodedFormRequest.h; path = "cordova-plugin-ionic-webview/GCDWebServerURLEncodedFormRequest.h"; sourceTree = "<group>"; };
		F28821C0A82342AEA57E52D2 /* CDVWKProcessPoolFactory.m */ = {isa = PBXFileReference; explicitFileType = undefined; fileEncoding = 4; includeInIndex = 0; lastKnownFileType = sourcecode.c.objc; name = CDVWKProcessPoolFactory.m; path = "cordova-plugin-ionic-webview/CDVWKProcessPoolFactory.m"; sourceTree = "<group>"; };
		F41716517999406D838C3EFF /* ASAM.m */ = {isa = PBXFileReference; explicitFileType = undefined; fileEncoding = 4; includeInIndex = 0; lastKnownFileType = sourcecode.c.objc; name = ASAM.m; path = "asam-plugin/ASAM.m"; sourceTree = "<group>"; };
		F840E1F0165FE0F500CFE078 /* config.xml */ = {isa = PBXFileReference; lastKnownFileType = text.xml; name = config.xml; path = "Notification Suppression Demo/config.xml"; sourceTree = "<group>"; };
		FAF2E1DB27A746F2AC388580 /* GCDWebServerResponse.m */ = {isa = PBXFileReference; explicitFileType = undefined; fileEncoding = 4; includeInIndex = 0; lastKnownFileType = sourcecode.c.objc; name = GCDWebServerResponse.m; path = "cordova-plugin-ionic-webview/GCDWebServerResponse.m"; sourceTree = "<group>"; };
/* End PBXFileReference section */

/* Begin PBXFrameworksBuildPhase section */
		1D60588F0D05DD3D006BFB54 /* Frameworks */ = {
			isa = PBXFrameworksBuildPhase;
			buildActionMask = 2147483647;
			files = (
				301BF552109A68D80062928A /* libCordova.a in Frameworks */,
				4E3690D8EC3D4FF3B55B9FB5 /* libz.tbd in Frameworks */,
				298C04ABE8D84BE296C60D1A /* WebKit.framework in Frameworks */,
				FA53D2F0B6474B24886DB4C1 /* SystemConfiguration.framework in Frameworks */,
				0D71D7621A214D85A431CE7C /* CoreTelephony.framework in Frameworks */,
				C99348E96786444F92B4F96A /* MediaAccessibility.framework in Frameworks */,
			);
			runOnlyForDeploymentPostprocessing = 0;
		};
/* End PBXFrameworksBuildPhase section */

/* Begin PBXGroup section */
		080E96DDFE201D6D7F000001 /* Classes */ = {
			isa = PBXGroup;
			children = (
				302D95EE14D2391D003F00A1 /* MainViewController.h */,
				302D95EF14D2391D003F00A1 /* MainViewController.m */,
				302D95F014D2391D003F00A1 /* MainViewController.xib */,
				1D3623240D0F684500981E51 /* AppDelegate.h */,
				1D3623250D0F684500981E51 /* AppDelegate.m */,
			);
			name = Classes;
			path = "Notification Suppression Demo/Classes";
			sourceTree = SOURCE_ROOT;
		};
		19C28FACFE9D520D11CA2CBB /* Products */ = {
			isa = PBXGroup;
			children = (
				1D6058910D05DD3D006BFB54 /* Notification Suppression Demo.app */,
			);
			name = Products;
			sourceTree = "<group>";
		};
		29B97314FDCFA39411CA2CEA /* CustomTemplate */ = {
			isa = PBXGroup;
			children = (
				EB87FDF41871DAF40020F90C /* config.xml */,
				EB87FDF31871DA8E0020F90C /* www */,
				EB87FDF11871DA420020F90C /* Staging */,
				301BF52D109A57CC0062928A /* CordovaLib/CordovaLib.xcodeproj */,
				080E96DDFE201D6D7F000001 /* Classes */,
				307C750510C5A3420062BCA9 /* Plugins */,
				29B97315FDCFA39411CA2CEA /* Other Sources */,
				29B97317FDCFA39411CA2CEA /* Resources */,
				29B97323FDCFA39411CA2CEA /* Frameworks */,
				19C28FACFE9D520D11CA2CBB /* Products */,
			);
			name = CustomTemplate;
			sourceTree = "<group>";
		};
		29B97315FDCFA39411CA2CEA /* Other Sources */ = {
			isa = PBXGroup;
			children = (
				32CA4F630368D1EE00C91783 /* Notification Suppression Demo-Prefix.pch */,
				29B97316FDCFA39411CA2CEA /* main.m */,
				ED33DF2A687741AEAF9F8254 /* Bridging-Header.h */,
			);
			name = "Other Sources";
			path = "Notification Suppression Demo";
			sourceTree = "<group>";
		};
		29B97317FDCFA39411CA2CEA /* Resources */ = {
			isa = PBXGroup;
			children = (
				0207DA571B56EA530066E2B4 /* Images.xcassets */,
				3047A50E1AB8057F00498E2A /* config */,
				8D1107310486CEB800E47090 /* Notification Suppression Demo-Info.plist */,
				6AFF5BF81D6E424B00AB3073 /* CDVLaunchScreen.storyboard */,
			);
			name = Resources;
			path = "Notification Suppression Demo/Resources";
			sourceTree = "<group>";
		};
		29B97323FDCFA39411CA2CEA /* Frameworks */ = {
			isa = PBXGroup;
			children = (
				82F31F80E5A14C6FB27461DE /* libz.tbd */,
				DEEAE9EF64684A20AF8C9950 /* WebKit.framework */,
				BA98362DE436479E9F7BE4D0 /* SystemConfiguration.framework */,
				6C8BF52E1C3D47BAB209ADF6 /* CoreTelephony.framework */,
				32C29E7FFF044FEAAA5CE81D /* MediaAccessibility.framework */,
			);
			name = Frameworks;
			sourceTree = "<group>";
		};
		301BF52E109A57CC0062928A /* Products */ = {
			isa = PBXGroup;
			children = (
				301BF535109A57CC0062928A /* libCordova.a */,
				9EC189852049B6110026B1E5 /* Cordova.framework */,
			);
			name = Products;
			sourceTree = "<group>";
		};
		3047A50E1AB8057F00498E2A /* config */ = {
			isa = PBXGroup;
			children = (
				3047A50F1AB8059700498E2A /* build-debug.xcconfig */,
				3047A5101AB8059700498E2A /* build-release.xcconfig */,
				3047A5111AB8059700498E2A /* build.xcconfig */,
			);
			name = config;
			sourceTree = "<group>";
		};
		307C750510C5A3420062BCA9 /* Plugins */ = {
			isa = PBXGroup;
			children = (
				F41716517999406D838C3EFF /* ASAM.m */,
				9E8589E0D0D04B3EA48570F0 /* ASAM.h */,
				B5EA63B7199B4ABEBC5881BE /* NativeSettings.m */,
				A5D8B834B4B7463A8182E04C /* NativeSettings.h */,
				7084185526604C36B4015041 /* CDVDevice.m */,
				AA014C99A9F8477D9E9235D2 /* CDVDevice.h */,
				61816E486DC8407883FF6FDF /* Insomnia.m */,
				A81FE39A717E458C85A6AECA /* Insomnia.h */,
				63E29A2A881A4FD3A94D073F /* CDVIonicKeyboard.m */,
				70610C15533843F987397A3C /* CDVIonicKeyboard.h */,
				7DB1337612AA408099A3C1B4 /* CDVWKWebViewEngine.m */,
				B3B4BF1D263349AFA82429EE /* CDVWKWebViewUIDelegate.m */,
				F28821C0A82342AEA57E52D2 /* CDVWKProcessPoolFactory.m */,
				E52188DF03104021A6C1D4D7 /* GCDWebServer.m */,
				36F2EB015A9A46748D78C632 /* GCDWebServerConnection.m */,
				93A366C09FEB4012AEAB5FE1 /* GCDWebServerFunctions.m */,
				476FC3BE599A4846BA9EA59A /* GCDWebServerRequest.m */,
				FAF2E1DB27A746F2AC388580 /* GCDWebServerResponse.m */,
				E824F2E4866E4FA8BEF09362 /* GCDWebServerDataRequest.m */,
				DC9AE00E3C584E48A2846C5F /* GCDWebServerFileRequest.m */,
				782A313780834EA2A6B0FC83 /* GCDWebServerMultiPartFormRequest.m */,
				662A7C9F64B24AF58BB172D7 /* GCDWebServerURLEncodedFormRequest.m */,
				EB2A6C7D18E741CA8E6FF924 /* GCDWebServerDataResponse.m */,
				9BB70D8DFA274C3B89CA6CD3 /* GCDWebServerErrorResponse.m */,
				56283382C2E34B8898D8A8E8 /* GCDWebServerFileResponse.m */,
				A2C44E99858C4F09A9DD4FF5 /* GCDWebServerStreamedResponse.m */,
				81BA01C8CCA2418EB2C8B136 /* CDVWKWebViewEngine.h */,
				B3F6EF089DA44E73AA111D79 /* CDVWKWebViewUIDelegate.h */,
				030110D54D5D4239BB05D823 /* CDVWKProcessPoolFactory.h */,
				7B980C1CEDCC4BCABEF57199 /* GCDWebServer.h */,
				AEC17C63BA304472B9848827 /* GCDWebServerConnection.h */,
				5310804814C141FD8F39A8A0 /* GCDWebServerFunctions.h */,
				1249B6689F4A450DB8F8343A /* GCDWebServerHTTPStatusCodes.h */,
				663CDBD3BA464F3BB1353339 /* GCDWebServerPrivate.h */,
				6E66F0AC88564A708737AA64 /* GCDWebServerRequest.h */,
				A09FCD956F9C4C7D98D2C809 /* GCDWebServerResponse.h */,
				0AEDA1DECB0E43BBBD23F769 /* GCDWebServerDataRequest.h */,
				73D95CA4E5074574A328F2EE /* GCDWebServerFileRequest.h */,
				BDB4C9E434BF4855AFE07836 /* GCDWebServerMultiPartFormRequest.h */,
				EEEF5385740B4D5B803CF209 /* GCDWebServerURLEncodedFormRequest.h */,
				06197FD349E741A7B228BFFD /* GCDWebServerDataResponse.h */,
				2DAEDDD7642B4876B23EFDE6 /* GCDWebServerErrorResponse.h */,
				8B566CF422F5403685B7B1D3 /* GCDWebServerFileResponse.h */,
				16969C5FA68F4D469FE24474 /* GCDWebServerStreamedResponse.h */,
				1C62E55960FC4706900FB36C /* CDVConnection.m */,
				441D2E90E7014C6084C2EA31 /* CDVReachability.m */,
				046ED57790E6487B9C01FA05 /* CDVConnection.h */,
				06AA133FDE3D4D24BBBFB13E /* CDVReachability.h */,
				07A3003A71E549EE9AA29256 /* CDVOrientation.m */,
				4947D47DD81A4D7FA61A6777 /* CDVOrientation.h */,
				CC0177D1D50E4E8BA800AF35 /* CDVSplashScreen.m */,
				B6BD3FFAC13E4EFDABF00FD7 /* CDVViewController+SplashScreen.m */,
				3F62751C29454C2E9F87B125 /* CDVSplashScreen.h */,
				A480F597286949F987F08DAF /* CDVViewController+SplashScreen.h */,
				58D035A61E684BBC9201DE8C /* CDVMobileAccessibility.m */,
				835D177828A74D5C8C3F0EBF /* CDVMobileAccessibility.h */,
			);
			name = Plugins;
			path = "Notification Suppression Demo/Plugins";
			sourceTree = SOURCE_ROOT;
		};
		EB87FDF11871DA420020F90C /* Staging */ = {
			isa = PBXGroup;
			children = (
				F840E1F0165FE0F500CFE078 /* config.xml */,
				301BF56E109A69640062928A /* www */,
			);
			name = Staging;
			sourceTree = "<group>";
		};
/* End PBXGroup section */

/* Begin PBXNativeTarget section */
		1D6058900D05DD3D006BFB54 /* Notification Suppression Demo */ = {
			isa = PBXNativeTarget;
			buildConfigurationList = 1D6058960D05DD3E006BFB54 /* Build configuration list for PBXNativeTarget "Notification Suppression Demo" */;
			buildPhases = (
				304B58A110DAC018002A0835 /* Copy www directory */,
				1D60588D0D05DD3D006BFB54 /* Resources */,
				1D60588E0D05DD3D006BFB54 /* Sources */,
				1D60588F0D05DD3D006BFB54 /* Frameworks */,
			);
			buildRules = (
			);
			dependencies = (
				301BF551109A68C00062928A /* PBXTargetDependency */,
			);
			name = "Notification Suppression Demo";
			productName = "Notification Suppression Demo";
			productReference = 1D6058910D05DD3D006BFB54 /* Notification Suppression Demo.app */;
			productType = "com.apple.product-type.application";
		};
/* End PBXNativeTarget section */

/* Begin PBXProject section */
		29B97313FDCFA39411CA2CEA /* Project object */ = {
			isa = PBXProject;
			attributes = {
				LastUpgradeCheck = 510;
				TargetAttributes = {
					1D6058900D05DD3D006BFB54 = {
						DevelopmentTeam = BV7UMPQ9AH;
						ProvisioningStyle = Automatic;
					};
				};
			};
			buildConfigurationList = C01FCF4E08A954540054247B /* Build configuration list for PBXProject "Notification Suppression Demo" */;
			compatibilityVersion = "Xcode 3.2";
			developmentRegion = English;
			hasScannedForEncodings = 1;
			knownRegions = (
				en,
			);
			mainGroup = 29B97314FDCFA39411CA2CEA /* CustomTemplate */;
			projectDirPath = "";
			projectReferences = (
				{
					ProductGroup = 301BF52E109A57CC0062928A /* Products */;
					ProjectRef = 301BF52D109A57CC0062928A /* CordovaLib/CordovaLib.xcodeproj */;
				},
			);
			projectRoot = "";
			targets = (
				1D6058900D05DD3D006BFB54 /* Notification Suppression Demo */,
			);
		};
/* End PBXProject section */

/* Begin PBXReferenceProxy section */
		301BF535109A57CC0062928A /* libCordova.a */ = {
			isa = PBXReferenceProxy;
			fileType = archive.ar;
			path = libCordova.a;
			remoteRef = 301BF534109A57CC0062928A /* PBXContainerItemProxy */;
			sourceTree = BUILT_PRODUCTS_DIR;
		};
		9EC189852049B6110026B1E5 /* Cordova.framework */ = {
			isa = PBXReferenceProxy;
			fileType = wrapper.framework;
			path = Cordova.framework;
			remoteRef = 9EC189842049B6110026B1E5 /* PBXContainerItemProxy */;
			sourceTree = BUILT_PRODUCTS_DIR;
		};
/* End PBXReferenceProxy section */

/* Begin PBXResourcesBuildPhase section */
		1D60588D0D05DD3D006BFB54 /* Resources */ = {
			isa = PBXResourcesBuildPhase;
			buildActionMask = 2147483647;
			files = (
				302D95F214D2391D003F00A1 /* MainViewController.xib in Resources */,
				0207DA581B56EA530066E2B4 /* Images.xcassets in Resources */,
				6AFF5BF91D6E424B00AB3073 /* CDVLaunchScreen.storyboard in Resources */,
			);
			runOnlyForDeploymentPostprocessing = 0;
		};
/* End PBXResourcesBuildPhase section */

/* Begin PBXShellScriptBuildPhase section */
		304B58A110DAC018002A0835 /* Copy www directory */ = {
			isa = PBXShellScriptBuildPhase;
			buildActionMask = 2147483647;
			files = (
			);
			inputPaths = (
			);
			name = "Copy www directory";
			outputPaths = (
			);
			runOnlyForDeploymentPostprocessing = 0;
			shellPath = /bin/sh;
			shellScript = "NODEJS_PATH=/usr/local/bin; NVM_NODE_PATH=~/.nvm/versions/node/`nvm version 2>/dev/null`/bin; N_NODE_PATH=`find /usr/local/n/versions/node/* -maxdepth 0 -type d 2>/dev/null | tail -1`/bin; XCODE_NODE_PATH=`xcode-select --print-path`/usr/share/xcs/Node/bin; PATH=$NODEJS_PATH:$NVM_NODE_PATH:$N_NODE_PATH:$XCODE_NODE_PATH:$PATH && node cordova/lib/copy-www-build-step.js";
			showEnvVarsInLog = 0;
		};
/* End PBXShellScriptBuildPhase section */

/* Begin PBXSourcesBuildPhase section */
		1D60588E0D05DD3D006BFB54 /* Sources */ = {
			isa = PBXSourcesBuildPhase;
			buildActionMask = 2147483647;
			files = (
				1D60589B0D05DD56006BFB54 /* main.m in Sources */,
				1D3623260D0F684500981E51 /* AppDelegate.m in Sources */,
				302D95F114D2391D003F00A1 /* MainViewController.m in Sources */,
				D87A4CB93C8D411E9B7587EB /* ASAM.m in Sources */,
				F721AB13F5DA4A498E4EAFD6 /* NativeSettings.m in Sources */,
				7F5B0692E800472EA39AA491 /* CDVDevice.m in Sources */,
				91D87BE67A4C47828FB539B0 /* Insomnia.m in Sources */,
				8E942D45934548D2A02E570E /* CDVIonicKeyboard.m in Sources */,
				2FD2BC94270241C9B7E0AD78 /* CDVWKWebViewEngine.m in Sources */,
				AD5301606C024B0B868EA0AC /* CDVWKWebViewUIDelegate.m in Sources */,
				FE592C6ED41D46079B006FE1 /* CDVWKProcessPoolFactory.m in Sources */,
				7F0BBF0C13D74B2EBFB1252D /* GCDWebServer.m in Sources */,
				03D9C58D229D403C80C31D75 /* GCDWebServerConnection.m in Sources */,
				EB1C55436E154B38BA9F5C84 /* GCDWebServerFunctions.m in Sources */,
				E6BBD3E988144DF8B7E83417 /* GCDWebServerRequest.m in Sources */,
				72324EF0937E46E3BE5D1D83 /* GCDWebServerResponse.m in Sources */,
				802A7128229049A79DB34B20 /* GCDWebServerDataRequest.m in Sources */,
				FA6D7188BCA5482BBF55E420 /* GCDWebServerFileRequest.m in Sources */,
				6CA95614C7AD41329C1D5241 /* GCDWebServerMultiPartFormRequest.m in Sources */,
				5D25BCCC2CB143B5AAA538A7 /* GCDWebServerURLEncodedFormRequest.m in Sources */,
				C6A0151396744C238E1E21E4 /* GCDWebServerDataResponse.m in Sources */,
				CC54E45668F049F8BD9EA67F /* GCDWebServerErrorResponse.m in Sources */,
				5ABAA0E636BF4493B5AC51EF /* GCDWebServerFileResponse.m in Sources */,
				A590C1D433FB4DC5B5C4079E /* GCDWebServerStreamedResponse.m in Sources */,
				7C557A7FC665435EAD7520F1 /* CDVConnection.m in Sources */,
				E94C8AA4C9A64B8DAB5A0F6F /* CDVReachability.m in Sources */,
				CCE995FA43434B448043A93C /* CDVOrientation.m in Sources */,
				D6E2231741E1407A8882B98A /* CDVSplashScreen.m in Sources */,
				D65EC3C51BCB4D5D83802B40 /* CDVViewController+SplashScreen.m in Sources */,
				743443D993954D59ACF2DCFB /* CDVMobileAccessibility.m in Sources */,
			);
			runOnlyForDeploymentPostprocessing = 0;
		};
/* End PBXSourcesBuildPhase section */

/* Begin PBXTargetDependency section */
		301BF551109A68C00062928A /* PBXTargetDependency */ = {
			isa = PBXTargetDependency;
			name = CordovaLib;
			targetProxy = 301BF550109A68C00062928A /* PBXContainerItemProxy */;
		};
/* End PBXTargetDependency section */

/* Begin XCBuildConfiguration section */
		1D6058940D05DD3E006BFB54 /* Debug */ = {
			isa = XCBuildConfiguration;
			baseConfigurationReference = 3047A50F1AB8059700498E2A /* build-debug.xcconfig */;
			buildSettings = {
				ALWAYS_SEARCH_USER_PATHS = NO;
				ASSETCATALOG_COMPILER_APPICON_NAME = AppIcon;
				ASSETCATALOG_COMPILER_LAUNCHIMAGE_NAME = LaunchImage;
				CLANG_ENABLE_MODULES = YES;
				CLANG_ENABLE_OBJC_ARC = YES;
				"CODE_SIGN_IDENTITY[sdk=iphoneos*]" = "iPhone Developer";
				CODE_SIGN_STYLE = Automatic;
				COPY_PHASE_STRIP = NO;
				DEVELOPMENT_TEAM = BV7UMPQ9AH;
				GCC_DYNAMIC_NO_PIC = NO;
				GCC_OPTIMIZATION_LEVEL = 0;
				GCC_PRECOMPILE_PREFIX_HEADER = YES;
				GCC_PREFIX_HEADER = "Notification Suppression Demo/Notification Suppression Demo-Prefix.pch";
				GCC_THUMB_SUPPORT = NO;
				GCC_VERSION = "";
				INFOPLIST_FILE = "Notification Suppression Demo/Notification Suppression Demo-Info.plist";
				IPHONEOS_DEPLOYMENT_TARGET = 9.0;
				LD_RUNPATH_SEARCH_PATHS = "@executable_path/Frameworks";
				PRODUCT_BUNDLE_IDENTIFIER = io.ionic.notification.suppression.demo;
				PRODUCT_NAME = "Notification Suppression Demo";
				PROVISIONING_PROFILE_SPECIFIER = "";
				TARGETED_DEVICE_FAMILY = "1,2";
			};
			name = Debug;
		};
		1D6058950D05DD3E006BFB54 /* Release */ = {
			isa = XCBuildConfiguration;
			baseConfigurationReference = 3047A5101AB8059700498E2A /* build-release.xcconfig */;
			buildSettings = {
				ALWAYS_SEARCH_USER_PATHS = NO;
				ASSETCATALOG_COMPILER_APPICON_NAME = AppIcon;
				ASSETCATALOG_COMPILER_LAUNCHIMAGE_NAME = LaunchImage;
				CLANG_ENABLE_MODULES = YES;
				CLANG_ENABLE_OBJC_ARC = YES;
				"CODE_SIGN_IDENTITY[sdk=iphoneos*]" = "iPhone Developer";
				CODE_SIGN_STYLE = Automatic;
				COPY_PHASE_STRIP = YES;
				DEVELOPMENT_TEAM = BV7UMPQ9AH;
				GCC_PRECOMPILE_PREFIX_HEADER = YES;
				GCC_PREFIX_HEADER = "Notification Suppression Demo/Notification Suppression Demo-Prefix.pch";
				GCC_THUMB_SUPPORT = NO;
				GCC_VERSION = "";
				INFOPLIST_FILE = "Notification Suppression Demo/Notification Suppression Demo-Info.plist";
				IPHONEOS_DEPLOYMENT_TARGET = 9.0;
				LD_RUNPATH_SEARCH_PATHS = "@executable_path/Frameworks";
				PRODUCT_BUNDLE_IDENTIFIER = io.ionic.notification.suppression.demo;
				PRODUCT_NAME = "Notification Suppression Demo";
				PROVISIONING_PROFILE_SPECIFIER = "";
				TARGETED_DEVICE_FAMILY = "1,2";
			};
			name = Release;
		};
		C01FCF4F08A954540054247B /* Debug */ = {
			isa = XCBuildConfiguration;
			baseConfigurationReference = 3047A5111AB8059700498E2A /* build.xcconfig */;
			buildSettings = {
				CLANG_ENABLE_MODULES = YES;
				CLANG_ENABLE_OBJC_ARC = YES;
				CLANG_WARN_BOOL_CONVERSION = YES;
				CLANG_WARN_CONSTANT_CONVERSION = YES;
				CLANG_WARN_EMPTY_BODY = YES;
				CLANG_WARN_ENUM_CONVERSION = YES;
				CLANG_WARN_INT_CONVERSION = YES;
				CLANG_WARN__DUPLICATE_METHOD_MATCH = YES;
				GCC_C_LANGUAGE_STANDARD = c99;
				GCC_THUMB_SUPPORT = NO;
				GCC_VERSION = "";
				GCC_WARN_ABOUT_RETURN_TYPE = YES;
				GCC_WARN_UNDECLARED_SELECTOR = YES;
				GCC_WARN_UNINITIALIZED_AUTOS = YES;
				GCC_WARN_UNUSED_FUNCTION = YES;
				GCC_WARN_UNUSED_VARIABLE = YES;
				ONLY_ACTIVE_ARCH = YES;
				SDKROOT = iphoneos;
				SKIP_INSTALL = NO;
			};
			name = Debug;
		};
		C01FCF5008A954540054247B /* Release */ = {
			isa = XCBuildConfiguration;
			baseConfigurationReference = 3047A5111AB8059700498E2A /* build.xcconfig */;
			buildSettings = {
				CLANG_ENABLE_MODULES = YES;
				CLANG_ENABLE_OBJC_ARC = YES;
				CLANG_WARN_BOOL_CONVERSION = YES;
				CLANG_WARN_CONSTANT_CONVERSION = YES;
				CLANG_WARN_EMPTY_BODY = YES;
				CLANG_WARN_ENUM_CONVERSION = YES;
				CLANG_WARN_INT_CONVERSION = YES;
				CLANG_WARN__DUPLICATE_METHOD_MATCH = YES;
				GCC_C_LANGUAGE_STANDARD = c99;
				GCC_THUMB_SUPPORT = NO;
				GCC_VERSION = "";
				GCC_WARN_ABOUT_RETURN_TYPE = YES;
				GCC_WARN_UNDECLARED_SELECTOR = YES;
				GCC_WARN_UNINITIALIZED_AUTOS = YES;
				GCC_WARN_UNUSED_FUNCTION = YES;
				GCC_WARN_UNUSED_VARIABLE = YES;
				SDKROOT = iphoneos;
				SKIP_INSTALL = NO;
			};
			name = Release;
		};
/* End XCBuildConfiguration section */

/* Begin XCConfigurationList section */
		1D6058960D05DD3E006BFB54 /* Build configuration list for PBXNativeTarget "Notification Suppression Demo" */ = {
			isa = XCConfigurationList;
			buildConfigurations = (
				1D6058940D05DD3E006BFB54 /* Debug */,
				1D6058950D05DD3E006BFB54 /* Release */,
			);
			defaultConfigurationIsVisible = 0;
			defaultConfigurationName = Release;
		};
		C01FCF4E08A954540054247B /* Build configuration list for PBXProject "Notification Suppression Demo" */ = {
			isa = XCConfigurationList;
			buildConfigurations = (
				C01FCF4F08A954540054247B /* Debug */,
				C01FCF5008A954540054247B /* Release */,
			);
			defaultConfigurationIsVisible = 0;
			defaultConfigurationName = Release;
		};
/* End XCConfigurationList section */
	};
	rootObject = 29B97313FDCFA39411CA2CEA /* Project object */;
}
